
Microsoft Visual Studio Solution File, Format Version 12.00
# Visual Studio 2013
VisualStudioVersion = 12.0.40629.0
MinimumVisualStudioVersion = 10.0.40219.1
Project("{FAE04EC0-301F-11D3-BF4B-00C04F79EFBC}") = "SimpleDependency", "SimpleDependency\SimpleDependency.csproj", "{6A3D222D-0D2F-44A0-ABC9-031D7AF32C78}"
EndProject
Project("{FAE04EC0-301F-11D3-BF4B-00C04F79EFBC}") = "SimpleMessagePrinter", "SimpleMessagePrinter\SimpleMessagePrinter.csproj", "{FAF3FE92-2BD4-4251-8BEB-45F78EF373A9}"
EndProject
Global
	GlobalSection(SolutionConfigurationPlatforms) = preSolution
		Debug|Any CPU = Debug|Any CPU
		Release|Any CPU = Release|Any CPU
	EndGlobalSection
	GlobalSection(ProjectConfigurationPlatforms) = postSolution
		{6A3D222D-0D2F-44A0-ABC9-031D7AF32C78}.Debug|Any CPU.ActiveCfg = Debug|Any CPU
		{6A3D222D-0D2F-44A0-ABC9-031D7AF32C78}.Debug|Any CPU.Build.0 = Debug|Any CPU
		{6A3D222D-0D2F-44A0-ABC9-031D7AF32C78}.Release|Any CPU.ActiveCfg = Release|Any CPU
		{6A3D222D-0D2F-44A0-ABC9-031D7AF32C78}.Release|Any CPU.Build.0 = Release|Any CPU
		{FAF3FE92-2BD4-4251-8BEB-45F78EF373A9}.Debug|Any CPU.ActiveCfg = Debug|Any CPU
		{FAF3FE92-2BD4-4251-8BEB-45F78EF373A9}.Debug|Any CPU.Build.0 = Debug|Any CPU
		{FAF3FE92-2BD4-4251-8BEB-45F78EF373A9}.Release|Any CPU.ActiveCfg = Release|Any CPU
		{FAF3FE92-2BD4-4251-8BEB-45F78EF373A9}.Release|Any CPU.Build.0 = Release|Any CPU
	EndGlobalSection
	GlobalSection(SolutionProperties) = preSolution
		HideSolutionNode = FALSE
	EndGlobalSection
EndGlobal
